
Microsoft Visual Studio Solution File, Format Version 12.00
# Visual Studio Version 17
VisualStudioVersion = 17.0.31903.59
MinimumVisualStudioVersion = 10.0.40219.1
Project("{2150E333-8FDC-42A3-9474-1A3956D46DE8}") = "host-contract", "host-contract", "{EA35FA8D-C262-8E4E-9B00-BE12F5220693}"
EndProject
Project("{2150E333-8FDC-42A3-9474-1A3956D46DE8}") = "src", "src", "{44223483-D230-BE34-58A4-7D0B4234B9DA}"
EndProject
Project("{FAE04EC0-301F-11D3-BF4B-00C04F79EFBC}") = "MathCursor.HostContract", "host-contract\src\MathCursor.HostContract\MathCursor.HostContract.csproj", "{F14F89BA-66B2-4F7D-9211-156D3B116FB1}"
EndProject
Project("{FAE04EC0-301F-11D3-BF4B-00C04F79EFBC}") = "MathCursor.Serialization", "serialization\src\MathCursor.Serialization\MathCursor.Serialization.csproj", "{CF3A2AAA-4E18-4BED-A2BD-1BA4C6793B36}"
EndProject
Project("{FAE04EC0-301F-11D3-BF4B-00C04F79EFBC}") = "MathCursor.Engine", "engine\src\MathCursor.Engine\MathCursor.Engine.csproj", "{CCFC7F62-F880-41E5-8294-47DA9890651D}"
EndProject
Project("{FAE04EC0-301F-11D3-BF4B-00C04F79EFBC}") = "MathCursor.Analyzers", "analyzers\MathCursor.Analyzers\MathCursor.Analyzers.csproj", "{4DCA8F45-BB2B-4761-9290-33036D1A3D8D}"
EndProject
Project("{2150E333-8FDC-42A3-9474-1A3956D46DE8}") = "engine", "engine", "{D585295F-7994-3649-1065-7AA403C41681}"
EndProject
Project("{2150E333-8FDC-42A3-9474-1A3956D46DE8}") = "tests", "tests", "{CD3B5CE5-C23F-38B4-04AA-A303F94731A5}"
EndProject
Project("{FAE04EC0-301F-11D3-BF4B-00C04F79EFBC}") = "MathCursor.Engine.Tests", "engine\tests\MathCursor.Engine.Tests\MathCursor.Engine.Tests.csproj", "{EE3559B9-E3C8-4B2A-B14F-93D65425090A}"
EndProject
Project("{2150E333-8FDC-42A3-9474-1A3956D46DE8}") = "serialization", "serialization", "{5F325649-0B45-EE90-6A18-22336E597486}"
EndProject
Project("{2150E333-8FDC-42A3-9474-1A3956D46DE8}") = "tests", "tests", "{3698293E-038C-2F73-CB80-2C5DC2BC661B}"
EndProject
Project("{FAE04EC0-301F-11D3-BF4B-00C04F79EFBC}") = "MathCursor.Serialization.Tests", "serialization\tests\MathCursor.Serialization.Tests\MathCursor.Serialization.Tests.csproj", "{3DB7C223-9E0C-455D-9C1C-803C9CDB7589}"
EndProject
Project("{2150E333-8FDC-42A3-9474-1A3956D46DE8}") = "adapter-vsto", "adapter-vsto", "{22D16084-16B2-8EEF-776D-6B43D3C0AD8E}"
EndProject
Project("{2150E333-8FDC-42A3-9474-1A3956D46DE8}") = "src", "src", "{2E1C1E08-D4F1-5522-210D-3EC07DAD18C4}"
EndProject
Project("{FAE04EC0-301F-11D3-BF4B-00C04F79EFBC}") = "MathCursor.Tests", "adapter-vsto\tests\MathCursor.Tests\MathCursor.Tests.csproj", "{87E1A829-A290-4083-B904-2A52DF8149D4}"
EndProject
Project("{FAE04EC0-301F-11D3-BF4B-00C04F79EFBC}") = "MathCursor", "adapter-vsto\src\MathCursor\MathCursor.csproj", "{3B0AE2C4-0B49-47B3-934D-ADE9104C6254}"
EndProject
Project("{2150E333-8FDC-42A3-9474-1A3956D46DE8}") = "tests", "tests", "{8F2D9A41-6C3E-4B7A-9D15-E2A4B8C61F37}"
EndProject
Project("{2150E333-8FDC-42A3-9474-1A3956D46DE8}") = "tools", "tools", "{07C2787E-EAC7-C090-1BA3-A61EC2A24D84}"
EndProject
Project("{FAE04EC0-301F-11D3-BF4B-00C04F79EFBC}") = "TutorialBuilder", "tools\TutorialBuilder\TutorialBuilder.csproj", "{C7A30C38-B9A9-4EFF-A634-63E19EC4737E}"
EndProject
Project("{FAE04EC0-301F-11D3-BF4B-00C04F79EFBC}") = "MathCursor.Analyzers.Tests", "analyzers\MathCursor.Analyzers.Tests\MathCursor.Analyzers.Tests.csproj", "{4F4F6DA3-BE2C-46FD-8097-7F15D21BB563}"
EndProject
Project("{FAE04EC0-301F-11D3-BF4B-00C04F79EFBC}") = "MathCursor.Demo.WebAssembly", "web-demo\MathCursor.Demo.WebAssembly\MathCursor.Demo.WebAssembly.csproj", "{E8F3AA7A-3481-4674-8166-E09DDEDB6595}"
EndProject
Global
	GlobalSection(SolutionConfigurationPlatforms) = preSolution
		Debug|Any CPU = Debug|Any CPU
		Debug|x64 = Debug|x64
		Debug|x86 = Debug|x86
		Release|Any CPU = Release|Any CPU
		Release|x64 = Release|x64
		Release|x86 = Release|x86
	EndGlobalSection
	GlobalSection(ProjectConfigurationPlatforms) = postSolution
		{F14F89BA-66B2-4F7D-9211-156D3B116FB1}.Debug|Any CPU.ActiveCfg = Debug|Any CPU
		{F14F89BA-66B2-4F7D-9211-156D3B116FB1}.Debug|Any CPU.Build.0 = Debug|Any CPU
		{F14F89BA-66B2-4F7D-9211-156D3B116FB1}.Debug|x64.ActiveCfg = Debug|Any CPU
		{F14F89BA-66B2-4F7D-9211-156D3B116FB1}.Debug|x64.Build.0 = Debug|Any CPU
		{F14F89BA-66B2-4F7D-9211-156D3B116FB1}.Debug|x86.ActiveCfg = Debug|Any CPU
		{F14F89BA-66B2-4F7D-9211-156D3B116FB1}.Debug|x86.Build.0 = Debug|Any CPU
		{F14F89BA-66B2-4F7D-9211-156D3B116FB1}.Release|Any CPU.ActiveCfg = Release|Any CPU
		{F14F89BA-66B2-4F7D-9211-156D3B116FB1}.Release|Any CPU.Build.0 = Release|Any CPU
		{F14F89BA-66B2-4F7D-9211-156D3B116FB1}.Release|x64.ActiveCfg = Release|Any CPU
		{F14F89BA-66B2-4F7D-9211-156D3B116FB1}.Release|x64.Build.0 = Release|Any CPU
		{F14F89BA-66B2-4F7D-9211-156D3B116FB1}.Release|x86.ActiveCfg = Release|Any CPU
		{F14F89BA-66B2-4F7D-9211-156D3B116FB1}.Release|x86.Build.0 = Release|Any CPU
		{CF3A2AAA-4E18-4BED-A2BD-1BA4C6793B36}.Debug|Any CPU.ActiveCfg = Debug|Any CPU
		{CF3A2AAA-4E18-4BED-A2BD-1BA4C6793B36}.Debug|Any CPU.Build.0 = Debug|Any CPU
		{CF3A2AAA-4E18-4BED-A2BD-1BA4C6793B36}.Debug|x64.ActiveCfg = Debug|Any CPU
		{CF3A2AAA-4E18-4BED-A2BD-1BA4C6793B36}.Debug|x64.Build.0 = Debug|Any CPU
		{CF3A2AAA-4E18-4BED-A2BD-1BA4C6793B36}.Debug|x86.ActiveCfg = Debug|Any CPU
		{CF3A2AAA-4E18-4BED-A2BD-1BA4C6793B36}.Debug|x86.Build.0 = Debug|Any CPU
		{CF3A2AAA-4E18-4BED-A2BD-1BA4C6793B36}.Release|Any CPU.ActiveCfg = Release|Any CPU
		{CF3A2AAA-4E18-4BED-A2BD-1BA4C6793B36}.Release|Any CPU.Build.0 = Release|Any CPU
		{CF3A2AAA-4E18-4BED-A2BD-1BA4C6793B36}.Release|x64.ActiveCfg = Release|Any CPU
		{CF3A2AAA-4E18-4BED-A2BD-1BA4C6793B36}.Release|x64.Build.0 = Release|Any CPU
		{CF3A2AAA-4E18-4BED-A2BD-1BA4C6793B36}.Release|x86.ActiveCfg = Release|Any CPU
		{CF3A2AAA-4E18-4BED-A2BD-1BA4C6793B36}.Release|x86.Build.0 = Release|Any CPU
		{CCFC7F62-F880-41E5-8294-47DA9890651D}.Debug|Any CPU.ActiveCfg = Debug|Any CPU
		{CCFC7F62-F880-41E5-8294-47DA9890651D}.Debug|Any CPU.Build.0 = Debug|Any CPU
		{CCFC7F62-F880-41E5-8294-47DA9890651D}.Debug|x64.ActiveCfg = Debug|Any CPU
		{CCFC7F62-F880-41E5-8294-47DA9890651D}.Debug|x64.Build.0 = Debug|Any CPU
		{CCFC7F62-F880-41E5-8294-47DA9890651D}.Debug|x86.ActiveCfg = Debug|Any CPU
		{CCFC7F62-F880-41E5-8294-47DA9890651D}.Debug|x86.Build.0 = Debug|Any CPU
		{CCFC7F62-F880-41E5-8294-47DA9890651D}.Release|Any CPU.ActiveCfg = Release|Any CPU
		{CCFC7F62-F880-41E5-8294-47DA9890651D}.Release|Any CPU.Build.0 = Release|Any CPU
		{CCFC7F62-F880-41E5-8294-47DA9890651D}.Release|x64.ActiveCfg = Release|Any CPU
		{CCFC7F62-F880-41E5-8294-47DA9890651D}.Release|x64.Build.0 = Release|Any CPU
		{CCFC7F62-F880-41E5-8294-47DA9890651D}.Release|x86.ActiveCfg = Release|Any CPU
		{CCFC7F62-F880-41E5-8294-47DA9890651D}.Release|x86.Build.0 = Release|Any CPU
		{4DCA8F45-BB2B-4761-9290-33036D1A3D8D}.Debug|Any CPU.ActiveCfg = Debug|Any CPU
		{4DCA8F45-BB2B-4761-9290-33036D1A3D8D}.Debug|Any CPU.Build.0 = Debug|Any CPU
		{4DCA8F45-BB2B-4761-9290-33036D1A3D8D}.Debug|x64.ActiveCfg = Debug|Any CPU
		{4DCA8F45-BB2B-4761-9290-33036D1A3D8D}.Debug|x64.Build.0 = Debug|Any CPU
		{4DCA8F45-BB2B-4761-9290-33036D1A3D8D}.Debug|x86.ActiveCfg = Debug|Any CPU
		{4DCA8F45-BB2B-4761-9290-33036D1A3D8D}.Debug|x86.Build.0 = Debug|Any CPU
		{4DCA8F45-BB2B-4761-9290-33036D1A3D8D}.Release|Any CPU.ActiveCfg = Release|Any CPU
		{4DCA8F45-BB2B-4761-9290-33036D1A3D8D}.Release|Any CPU.Build.0 = Release|Any CPU
		{4DCA8F45-BB2B-4761-9290-33036D1A3D8D}.Release|x64.ActiveCfg = Release|Any CPU
		{4DCA8F45-BB2B-4761-9290-33036D1A3D8D}.Release|x64.Build.0 = Release|Any CPU
		{4DCA8F45-BB2B-4761-9290-33036D1A3D8D}.Release|x86.ActiveCfg = Release|Any CPU
		{4DCA8F45-BB2B-4761-9290-33036D1A3D8D}.Release|x86.Build.0 = Release|Any CPU
		{EE3559B9-E3C8-4B2A-B14F-93D65425090A}.Debug|Any CPU.ActiveCfg = Debug|Any CPU
		{EE3559B9-E3C8-4B2A-B14F-93D65425090A}.Debug|Any CPU.Build.0 = Debug|Any CPU
		{EE3559B9-E3C8-4B2A-B14F-93D65425090A}.Debug|x64.ActiveCfg = Debug|Any CPU
		{EE3559B9-E3C8-4B2A-B14F-93D65425090A}.Debug|x64.Build.0 = Debug|Any CPU
		{EE3559B9-E3C8-4B2A-B14F-93D65425090A}.Debug|x86.ActiveCfg = Debug|Any CPU
		{EE3559B9-E3C8-4B2A-B14F-93D65425090A}.Debug|x86.Build.0 = Debug|Any CPU
		{EE3559B9-E3C8-4B2A-B14F-93D65425090A}.Release|Any CPU.ActiveCfg = Release|Any CPU
		{EE3559B9-E3C8-4B2A-B14F-93D65425090A}.Release|Any CPU.Build.0 = Release|Any CPU
		{EE3559B9-E3C8-4B2A-B14F-93D65425090A}.Release|x64.ActiveCfg = Release|Any CPU
		{EE3559B9-E3C8-4B2A-B14F-93D65425090A}.Release|x64.Build.0 = Release|Any CPU
		{EE3559B9-E3C8-4B2A-B14F-93D65425090A}.Release|x86.ActiveCfg = Release|Any CPU
		{EE3559B9-E3C8-4B2A-B14F-93D65425090A}.Release|x86.Build.0 = Release|Any CPU
		{3DB7C223-9E0C-455D-9C1C-803C9CDB7589}.Debug|Any CPU.ActiveCfg = Debug|Any CPU
		{3DB7C223-9E0C-455D-9C1C-803C9CDB7589}.Debug|Any CPU.Build.0 = Debug|Any CPU
		{3DB7C223-9E0C-455D-9C1C-803C9CDB7589}.Debug|x64.ActiveCfg = Debug|Any CPU
		{3DB7C223-9E0C-455D-9C1C-803C9CDB7589}.Debug|x64.Build.0 = Debug|Any CPU
		{3DB7C223-9E0C-455D-9C1C-803C9CDB7589}.Debug|x86.ActiveCfg = Debug|Any CPU
		{3DB7C223-9E0C-455D-9C1C-803C9CDB7589}.Debug|x86.Build.0 = Debug|Any CPU
		{3DB7C223-9E0C-455D-9C1C-803C9CDB7589}.Release|Any CPU.ActiveCfg = Release|Any CPU
		{3DB7C223-9E0C-455D-9C1C-803C9CDB7589}.Release|Any CPU.Build.0 = Release|Any CPU
		{3DB7C223-9E0C-455D-9C1C-803C9CDB7589}.Release|x64.ActiveCfg = Release|Any CPU
		{3DB7C223-9E0C-455D-9C1C-803C9CDB7589}.Release|x64.Build.0 = Release|Any CPU
		{3DB7C223-9E0C-455D-9C1C-803C9CDB7589}.Release|x86.ActiveCfg = Release|Any CPU
		{3DB7C223-9E0C-455D-9C1C-803C9CDB7589}.Release|x86.Build.0 = Release|Any CPU
		{87E1A829-A290-4083-B904-2A52DF8149D4}.Debug|Any CPU.ActiveCfg = Debug|Any CPU
		{87E1A829-A290-4083-B904-2A52DF8149D4}.Debug|Any CPU.Build.0 = Debug|Any CPU
		{87E1A829-A290-4083-B904-2A52DF8149D4}.Debug|x64.ActiveCfg = Debug|Any CPU
		{87E1A829-A290-4083-B904-2A52DF8149D4}.Debug|x64.Build.0 = Debug|Any CPU
		{87E1A829-A290-4083-B904-2A52DF8149D4}.Debug|x86.ActiveCfg = Debug|Any CPU
		{87E1A829-A290-4083-B904-2A52DF8149D4}.Debug|x86.Build.0 = Debug|Any CPU
		{87E1A829-A290-4083-B904-2A52DF8149D4}.Release|Any CPU.ActiveCfg = Release|Any CPU
		{87E1A829-A290-4083-B904-2A52DF8149D4}.Release|Any CPU.Build.0 = Release|Any CPU
		{87E1A829-A290-4083-B904-2A52DF8149D4}.Release|x64.ActiveCfg = Release|Any CPU
		{87E1A829-A290-4083-B904-2A52DF8149D4}.Release|x64.Build.0 = Release|Any CPU
		{87E1A829-A290-4083-B904-2A52DF8149D4}.Release|x86.ActiveCfg = Release|Any CPU
		{87E1A829-A290-4083-B904-2A52DF8149D4}.Release|x86.Build.0 = Release|Any CPU
		{3B0AE2C4-0B49-47B3-934D-ADE9104C6254}.Debug|Any CPU.ActiveCfg = Debug|Any CPU
		{3B0AE2C4-0B49-47B3-934D-ADE9104C6254}.Debug|Any CPU.Build.0 = Debug|Any CPU
		{3B0AE2C4-0B49-47B3-934D-ADE9104C6254}.Debug|x64.ActiveCfg = Debug|Any CPU
		{3B0AE2C4-0B49-47B3-934D-ADE9104C6254}.Debug|x64.Build.0 = Debug|Any CPU
		{3B0AE2C4-0B49-47B3-934D-ADE9104C6254}.Debug|x86.ActiveCfg = Debug|Any CPU
		{3B0AE2C4-0B49-47B3-934D-ADE9104C6254}.Debug|x86.Build.0 = Debug|Any CPU
		{3B0AE2C4-0B49-47B3-934D-ADE9104C6254}.Release|Any CPU.ActiveCfg = Release|Any CPU
		{3B0AE2C4-0B49-47B3-934D-ADE9104C6254}.Release|Any CPU.Build.0 = Release|Any CPU
		{3B0AE2C4-0B49-47B3-934D-ADE9104C6254}.Release|x64.ActiveCfg = Release|Any CPU
		{3B0AE2C4-0B49-47B3-934D-ADE9104C6254}.Release|x64.Build.0 = Release|Any CPU
		{3B0AE2C4-0B49-47B3-934D-ADE9104C6254}.Release|x86.ActiveCfg = Release|Any CPU
		{3B0AE2C4-0B49-47B3-934D-ADE9104C6254}.Release|x86.Build.0 = Release|Any CPU
		{C7A30C38-B9A9-4EFF-A634-63E19EC4737E}.Debug|Any CPU.ActiveCfg = Debug|Any CPU
		{C7A30C38-B9A9-4EFF-A634-63E19EC4737E}.Debug|Any CPU.Build.0 = Debug|Any CPU
		{C7A30C38-B9A9-4EFF-A634-63E19EC4737E}.Debug|x64.ActiveCfg = Debug|Any CPU
		{C7A30C38-B9A9-4EFF-A634-63E19EC4737E}.Debug|x64.Build.0 = Debug|Any CPU
		{C7A30C38-B9A9-4EFF-A634-63E19EC4737E}.Debug|x86.ActiveCfg = Debug|Any CPU
		{C7A30C38-B9A9-4EFF-A634-63E19EC4737E}.Debug|x86.Build.0 = Debug|Any CPU
		{C7A30C38-B9A9-4EFF-A634-63E19EC4737E}.Release|Any CPU.ActiveCfg = Release|Any CPU
		{C7A30C38-B9A9-4EFF-A634-63E19EC4737E}.Release|Any CPU.Build.0 = Release|Any CPU
		{C7A30C38-B9A9-4EFF-A634-63E19EC4737E}.Release|x64.ActiveCfg = Release|Any CPU
		{C7A30C38-B9A9-4EFF-A634-63E19EC4737E}.Release|x64.Build.0 = Release|Any CPU
		{C7A30C38-B9A9-4EFF-A634-63E19EC4737E}.Release|x86.ActiveCfg = Release|Any CPU
		{C7A30C38-B9A9-4EFF-A634-63E19EC4737E}.Release|x86.Build.0 = Release|Any CPU
		{4F4F6DA3-BE2C-46FD-8097-7F15D21BB563}.Debug|Any CPU.ActiveCfg = Debug|Any CPU
		{4F4F6DA3-BE2C-46FD-8097-7F15D21BB563}.Debug|Any CPU.Build.0 = Debug|Any CPU
		{4F4F6DA3-BE2C-46FD-8097-7F15D21BB563}.Debug|x64.ActiveCfg = Debug|Any CPU
		{4F4F6DA3-BE2C-46FD-8097-7F15D21BB563}.Debug|x64.Build.0 = Debug|Any CPU
		{4F4F6DA3-BE2C-46FD-8097-7F15D21BB563}.Debug|x86.ActiveCfg = Debug|Any CPU
		{4F4F6DA3-BE2C-46FD-8097-7F15D21BB563}.Debug|x86.Build.0 = Debug|Any CPU
		{4F4F6DA3-BE2C-46FD-8097-7F15D21BB563}.Release|Any CPU.ActiveCfg = Release|Any CPU
		{4F4F6DA3-BE2C-46FD-8097-7F15D21BB563}.Release|Any CPU.Build.0 = Release|Any CPU
		{4F4F6DA3-BE2C-46FD-8097-7F15D21BB563}.Release|x64.ActiveCfg = Release|Any CPU
		{4F4F6DA3-BE2C-46FD-8097-7F15D21BB563}.Release|x64.Build.0 = Release|Any CPU
		{4F4F6DA3-BE2C-46FD-8097-7F15D21BB563}.Release|x86.ActiveCfg = Release|Any CPU
		{4F4F6DA3-BE2C-46FD-8097-7F15D21BB563}.Release|x86.Build.0 = Release|Any CPU
		{E8F3AA7A-3481-4674-8166-E09DDEDB6595}.Debug|Any CPU.ActiveCfg = Debug|Any CPU
		{E8F3AA7A-3481-4674-8166-E09DDEDB6595}.Debug|Any CPU.Build.0 = Debug|Any CPU
		{E8F3AA7A-3481-4674-8166-E09DDEDB6595}.Debug|x64.ActiveCfg = Debug|Any CPU
		{E8F3AA7A-3481-4674-8166-E09DDEDB6595}.Debug|x64.Build.0 = Debug|Any CPU
		{E8F3AA7A-3481-4674-8166-E09DDEDB6595}.Debug|x86.ActiveCfg = Debug|Any CPU
		{E8F3AA7A-3481-4674-8166-E09DDEDB6595}.Debug|x86.Build.0 = Debug|Any CPU
		{E8F3AA7A-3481-4674-8166-E09DDEDB6595}.Release|Any CPU.ActiveCfg = Release|Any CPU
		{E8F3AA7A-3481-4674-8166-E09DDEDB6595}.Release|Any CPU.Build.0 = Release|Any CPU
		{E8F3AA7A-3481-4674-8166-E09DDEDB6595}.Release|x64.ActiveCfg = Release|Any CPU
		{E8F3AA7A-3481-4674-8166-E09DDEDB6595}.Release|x64.Build.0 = Release|Any CPU
		{E8F3AA7A-3481-4674-8166-E09DDEDB6595}.Release|x86.ActiveCfg = Release|Any CPU
		{E8F3AA7A-3481-4674-8166-E09DDEDB6595}.Release|x86.Build.0 = Release|Any CPU
	EndGlobalSection
	GlobalSection(SolutionProperties) = preSolution
		HideSolutionNode = FALSE
	EndGlobalSection
	GlobalSection(NestedProjects) = preSolution
		{44223483-D230-BE34-58A4-7D0B4234B9DA} = {EA35FA8D-C262-8E4E-9B00-BE12F5220693}
		{F14F89BA-66B2-4F7D-9211-156D3B116FB1} = {44223483-D230-BE34-58A4-7D0B4234B9DA}
		{CF3A2AAA-4E18-4BED-A2BD-1BA4C6793B36} = {44223483-D230-BE34-58A4-7D0B4234B9DA}
		{CCFC7F62-F880-41E5-8294-47DA9890651D} = {44223483-D230-BE34-58A4-7D0B4234B9DA}
		{4DCA8F45-BB2B-4761-9290-33036D1A3D8D} = {44223483-D230-BE34-58A4-7D0B4234B9DA}
		{CD3B5CE5-C23F-38B4-04AA-A303F94731A5} = {D585295F-7994-3649-1065-7AA403C41681}
		{EE3559B9-E3C8-4B2A-B14F-93D65425090A} = {CD3B5CE5-C23F-38B4-04AA-A303F94731A5}
		{3698293E-038C-2F73-CB80-2C5DC2BC661B} = {5F325649-0B45-EE90-6A18-22336E597486}
		{3DB7C223-9E0C-455D-9C1C-803C9CDB7589} = {3698293E-038C-2F73-CB80-2C5DC2BC661B}
		{2E1C1E08-D4F1-5522-210D-3EC07DAD18C4} = {22D16084-16B2-8EEF-776D-6B43D3C0AD8E}
		{87E1A829-A290-4083-B904-2A52DF8149D4} = {8F2D9A41-6C3E-4B7A-9D15-E2A4B8C61F37}
		{3B0AE2C4-0B49-47B3-934D-ADE9104C6254} = {2E1C1E08-D4F1-5522-210D-3EC07DAD18C4}
		{8F2D9A41-6C3E-4B7A-9D15-E2A4B8C61F37} = {22D16084-16B2-8EEF-776D-6B43D3C0AD8E}
		{C7A30C38-B9A9-4EFF-A634-63E19EC4737E} = {07C2787E-EAC7-C090-1BA3-A61EC2A24D84}
		{4F4F6DA3-BE2C-46FD-8097-7F15D21BB563} = {07C2787E-EAC7-C090-1BA3-A61EC2A24D84}
		{E8F3AA7A-3481-4674-8166-E09DDEDB6595} = {07C2787E-EAC7-C090-1BA3-A61EC2A24D84}
	EndGlobalSection
EndGlobal
